// !$*UTF8*$!
{
	archiveVersion = 1;
	classes = {
	};
	objectVersion = 55;
	objects = {

/* Begin PBXBuildFile section */
		02040A24287812A3008DCD52 /* AppDelegate.swift in Sources */ = {isa = PBXBuildFile; fileRef = 02040A23287812A3008DCD52 /* AppDelegate.swift */; };
		02040A26287812A3008DCD52 /* SceneDelegate.swift in Sources */ = {isa = PBXBuildFile; fileRef = 02040A25287812A3008DCD52 /* SceneDelegate.swift */; };
		02040A28287812A3008DCD52 /* ViewController.swift in Sources */ = {isa = PBXBuildFile; fileRef = 02040A27287812A3008DCD52 /* ViewController.swift */; };
		02040A2B287812A3008DCD52 /* Main.storyboard in Resources */ = {isa = PBXBuildFile; fileRef = 02040A29287812A3008DCD52 /* Main.storyboard */; };
		02040A2E287812A3008DCD52 /* Mentoring.xcdatamodeld in Sources */ = {isa = PBXBuildFile; fileRef = 02040A2C287812A3008DCD52 /* Mentoring.xcdatamodeld */; };
		02040A30287812A4008DCD52 /* Assets.xcassets in Resources */ = {isa = PBXBuildFile; fileRef = 02040A2F287812A4008DCD52 /* Assets.xcassets */; };
		02040A33287812A4008DCD52 /* LaunchScreen.storyboard in Resources */ = {isa = PBXBuildFile; fileRef = 02040A31287812A4008DCD52 /* LaunchScreen.storyboard */; };
		02255E8D287F471D00800BA2 /* ImageUploader.swift in Sources */ = {isa = PBXBuildFile; fileRef = 02255E8C287F471D00800BA2 /* ImageUploader.swift */; };
		02255E8F287F6F4F00800BA2 /* Image.swift in Sources */ = {isa = PBXBuildFile; fileRef = 02255E8E287F6F4F00800BA2 /* Image.swift */; };
		02255E91287F863300800BA2 /* RequestsTableViewCell.swift in Sources */ = {isa = PBXBuildFile; fileRef = 02255E90287F863300800BA2 /* RequestsTableViewCell.swift */; };
		022CB1D8287C5C1700A8F879 /* CollectionViewCell.swift in Sources */ = {isa = PBXBuildFile; fileRef = 022CB1D7287C5C1700A8F879 /* CollectionViewCell.swift */; };
		022CB1DA287C5C7000A8F879 /* ProfileViewController.swift in Sources */ = {isa = PBXBuildFile; fileRef = 022CB1D9287C5C7000A8F879 /* ProfileViewController.swift */; };
		02670431287833290013D499 /* Utilities.swift in Sources */ = {isa = PBXBuildFile; fileRef = 02670430287833290013D499 /* Utilities.swift */; };
		02670434287836EA0013D499 /* SignUpViewController.swift in Sources */ = {isa = PBXBuildFile; fileRef = 02670433287836EA0013D499 /* SignUpViewController.swift */; };
		02670438287842FC0013D499 /* Person.swift in Sources */ = {isa = PBXBuildFile; fileRef = 02670437287842FC0013D499 /* Person.swift */; };
		0267043A2878559F0013D499 /* FormViewController.swift in Sources */ = {isa = PBXBuildFile; fileRef = 026704392878559F0013D499 /* FormViewController.swift */; };
		0267137D287D389A00F4567B /* TableViewCell.swift in Sources */ = {isa = PBXBuildFile; fileRef = 0267137C287D389A00F4567B /* TableViewCell.swift */; };
		0267137F287D397E00F4567B /* Education.swift in Sources */ = {isa = PBXBuildFile; fileRef = 0267137E287D397E00F4567B /* Education.swift */; };
		02671382287D61A000F4567B /* CardView.swift in Sources */ = {isa = PBXBuildFile; fileRef = 02671381287D61A000F4567B /* CardView.swift */; };
		02671385287D62AD00F4567B /* TopNavigationStackView.swift in Sources */ = {isa = PBXBuildFile; fileRef = 02671384287D62AD00F4567B /* TopNavigationStackView.swift */; };
		02671387287D62D100F4567B /* HomeBottomControlStackView.swift in Sources */ = {isa = PBXBuildFile; fileRef = 02671386287D62D100F4567B /* HomeBottomControlStackView.swift */; };
		02671389287D9FC500F4567B /* NewsViewController.swift in Sources */ = {isa = PBXBuildFile; fileRef = 02671388287D9FC500F4567B /* NewsViewController.swift */; };
		0267138B287DA72D00F4567B /* NewsTableViewCell.swift in Sources */ = {isa = PBXBuildFile; fileRef = 0267138A287DA72D00F4567B /* NewsTableViewCell.swift */; };
		0267138D287DB98600F4567B /* AddNewsViewController.swift in Sources */ = {isa = PBXBuildFile; fileRef = 0267138C287DB98600F4567B /* AddNewsViewController.swift */; };
		0267138F287DC7A100F4567B /* MainTabBarController.swift in Sources */ = {isa = PBXBuildFile; fileRef = 0267138E287DC7A100F4567B /* MainTabBarController.swift */; };
		02671391287DCAD000F4567B /* News.swift in Sources */ = {isa = PBXBuildFile; fileRef = 02671390287DCAD000F4567B /* News.swift */; };
		029F0455287BD8D900183946 /* Chat.swift in Sources */ = {isa = PBXBuildFile; fileRef = 029F0454287BD8D900183946 /* Chat.swift */; };
		029F0457287BDBEA00183946 /* DatabaseManager.swift in Sources */ = {isa = PBXBuildFile; fileRef = 029F0456287BDBEA00183946 /* DatabaseManager.swift */; };
		029F045A287BE49700183946 /* NetworkManager.swift in Sources */ = {isa = PBXBuildFile; fileRef = 029F0459287BE49700183946 /* NetworkManager.swift */; };
		029F045C287BE5A700183946 /* Registration.swift in Sources */ = {isa = PBXBuildFile; fileRef = 029F045B287BE5A700183946 /* Registration.swift */; };
		029F045E287BFA3C00183946 /* Login.swift in Sources */ = {isa = PBXBuildFile; fileRef = 029F045D287BFA3C00183946 /* Login.swift */; };
		029F0460287C146200183946 /* FindMentorViewController.swift in Sources */ = {isa = PBXBuildFile; fileRef = 029F045F287C146200183946 /* FindMentorViewController.swift */; };
		029F0464287C1AC300183946 /* OverlayView.swift in Sources */ = {isa = PBXBuildFile; fileRef = 029F0463287C1AC300183946 /* OverlayView.swift */; };
		029F0469287C1D7C00183946 /* OverlayView.xib in Resources */ = {isa = PBXBuildFile; fileRef = 029F0468287C1D7C00183946 /* OverlayView.xib */; };
		02C3C447287EA6CC00C64448 /* ButtonStackView.swift in Sources */ = {isa = PBXBuildFile; fileRef = 02C3C446287EA6CC00C64448 /* ButtonStackView.swift */; };
		02C3C449287EA71C00C64448 /* FindButton.swift in Sources */ = {isa = PBXBuildFile; fileRef = 02C3C448287EA71C00C64448 /* FindButton.swift */; };
		02C3C44F287EA8CF00C64448 /* TinderCardOverlay.swift in Sources */ = {isa = PBXBuildFile; fileRef = 02C3C44B287EA8CF00C64448 /* TinderCardOverlay.swift */; };
		02C3C450287EA8CF00C64448 /* TinderCardFooterView.swift in Sources */ = {isa = PBXBuildFile; fileRef = 02C3C44C287EA8CF00C64448 /* TinderCardFooterView.swift */; };
		02C3C451287EA8CF00C64448 /* TinderCardModel.swift in Sources */ = {isa = PBXBuildFile; fileRef = 02C3C44D287EA8CF00C64448 /* TinderCardModel.swift */; };
		02C3C452287EA8CF00C64448 /* TinderCardContentView.swift in Sources */ = {isa = PBXBuildFile; fileRef = 02C3C44E287EA8CF00C64448 /* TinderCardContentView.swift */; };
		39DDDD3028796A6B009D742A /* LoginViewController.swift in Sources */ = {isa = PBXBuildFile; fileRef = 39DDDD2F28796A6B009D742A /* LoginViewController.swift */; };
		39DDDD322879C1B2009D742A /* ChatViewController.swift in Sources */ = {isa = PBXBuildFile; fileRef = 39DDDD312879C1B2009D742A /* ChatViewController.swift */; };
		39DDDD37287B3974009D742A /* FriendsViewController.swift in Sources */ = {isa = PBXBuildFile; fileRef = 39DDDD36287B3974009D742A /* FriendsViewController.swift */; };
		CF616147407F31EB67F3F198 /* Pods_Mentoring.framework in Frameworks */ = {isa = PBXBuildFile; fileRef = 21760F65A0B4C637095DDD29 /* Pods_Mentoring.framework */; };
/* End PBXBuildFile section */

/* Begin PBXFileReference section */
		02040A20287812A3008DCD52 /* Mentoring.app */ = {isa = PBXFileReference; explicitFileType = wrapper.application; includeInIndex = 0; path = Mentoring.app; sourceTree = BUILT_PRODUCTS_DIR; };
		02040A23287812A3008DCD52 /* AppDelegate.swift */ = {isa = PBXFileReference; lastKnownFileType = sourcecode.swift; path = AppDelegate.swift; sourceTree = "<group>"; };
		02040A25287812A3008DCD52 /* SceneDelegate.swift */ = {isa = PBXFileReference; lastKnownFileType = sourcecode.swift; path = SceneDelegate.swift; sourceTree = "<group>"; };
		02040A27287812A3008DCD52 /* ViewController.swift */ = {isa = PBXFileReference; lastKnownFileType = sourcecode.swift; path = ViewController.swift; sourceTree = "<group>"; };
		02040A2A287812A3008DCD52 /* Base */ = {isa = PBXFileReference; lastKnownFileType = file.storyboard; name = Base; path = Base.lproj/Main.storyboard; sourceTree = "<group>"; };
		02040A2D287812A3008DCD52 /* Mentoring.xcdatamodel */ = {isa = PBXFileReference; lastKnownFileType = wrapper.xcdatamodel; path = Mentoring.xcdatamodel; sourceTree = "<group>"; };
		02040A2F287812A4008DCD52 /* Assets.xcassets */ = {isa = PBXFileReference; lastKnownFileType = folder.assetcatalog; path = Assets.xcassets; sourceTree = "<group>"; };
		02040A32287812A4008DCD52 /* Base */ = {isa = PBXFileReference; lastKnownFileType = file.storyboard; name = Base; path = Base.lproj/LaunchScreen.storyboard; sourceTree = "<group>"; };
		02040A34287812A4008DCD52 /* Info.plist */ = {isa = PBXFileReference; lastKnownFileType = text.plist.xml; path = Info.plist; sourceTree = "<group>"; };
		02255E8C287F471D00800BA2 /* ImageUploader.swift */ = {isa = PBXFileReference; lastKnownFileType = sourcecode.swift; path = ImageUploader.swift; sourceTree = "<group>"; };
		02255E8E287F6F4F00800BA2 /* Image.swift */ = {isa = PBXFileReference; lastKnownFileType = sourcecode.swift; path = Image.swift; sourceTree = "<group>"; };
		02255E90287F863300800BA2 /* RequestsTableViewCell.swift */ = {isa = PBXFileReference; lastKnownFileType = sourcecode.swift; name = RequestsTableViewCell.swift; path = Mentoring/Cells/RequestsTableViewCell.swift; sourceTree = SOURCE_ROOT; };
		022CB1D7287C5C1700A8F879 /* CollectionViewCell.swift */ = {isa = PBXFileReference; lastKnownFileType = sourcecode.swift; path = CollectionViewCell.swift; sourceTree = "<group>"; };
		022CB1D9287C5C7000A8F879 /* ProfileViewController.swift */ = {isa = PBXFileReference; lastKnownFileType = sourcecode.swift; path = ProfileViewController.swift; sourceTree = "<group>"; };
		02670430287833290013D499 /* Utilities.swift */ = {isa = PBXFileReference; lastKnownFileType = sourcecode.swift; path = Utilities.swift; sourceTree = "<group>"; };
		02670433287836EA0013D499 /* SignUpViewController.swift */ = {isa = PBXFileReference; lastKnownFileType = sourcecode.swift; path = SignUpViewController.swift; sourceTree = "<group>"; };
		02670437287842FC0013D499 /* Person.swift */ = {isa = PBXFileReference; lastKnownFileType = sourcecode.swift; path = Person.swift; sourceTree = "<group>"; };
		026704392878559F0013D499 /* FormViewController.swift */ = {isa = PBXFileReference; lastKnownFileType = sourcecode.swift; path = FormViewController.swift; sourceTree = "<group>"; };
		0267137C287D389A00F4567B /* TableViewCell.swift */ = {isa = PBXFileReference; lastKnownFileType = sourcecode.swift; path = TableViewCell.swift; sourceTree = "<group>"; };
		0267137E287D397E00F4567B /* Education.swift */ = {isa = PBXFileReference; lastKnownFileType = sourcecode.swift; path = Education.swift; sourceTree = "<group>"; };
		02671381287D61A000F4567B /* CardView.swift */ = {isa = PBXFileReference; lastKnownFileType = sourcecode.swift; path = CardView.swift; sourceTree = "<group>"; };
		02671384287D62AD00F4567B /* TopNavigationStackView.swift */ = {isa = PBXFileReference; lastKnownFileType = sourcecode.swift; path = TopNavigationStackView.swift; sourceTree = "<group>"; };
		02671386287D62D100F4567B /* HomeBottomControlStackView.swift */ = {isa = PBXFileReference; lastKnownFileType = sourcecode.swift; path = HomeBottomControlStackView.swift; sourceTree = "<group>"; };
		02671388287D9FC500F4567B /* NewsViewController.swift */ = {isa = PBXFileReference; lastKnownFileType = sourcecode.swift; path = NewsViewController.swift; sourceTree = "<group>"; };
		0267138A287DA72D00F4567B /* NewsTableViewCell.swift */ = {isa = PBXFileReference; lastKnownFileType = sourcecode.swift; path = NewsTableViewCell.swift; sourceTree = "<group>"; };
		0267138C287DB98600F4567B /* AddNewsViewController.swift */ = {isa = PBXFileReference; lastKnownFileType = sourcecode.swift; path = AddNewsViewController.swift; sourceTree = "<group>"; };
		0267138E287DC7A100F4567B /* MainTabBarController.swift */ = {isa = PBXFileReference; lastKnownFileType = sourcecode.swift; path = MainTabBarController.swift; sourceTree = "<group>"; };
		02671390287DCAD000F4567B /* News.swift */ = {isa = PBXFileReference; lastKnownFileType = sourcecode.swift; path = News.swift; sourceTree = "<group>"; };
		029F0454287BD8D900183946 /* Chat.swift */ = {isa = PBXFileReference; lastKnownFileType = sourcecode.swift; path = Chat.swift; sourceTree = "<group>"; };
		029F0456287BDBEA00183946 /* DatabaseManager.swift */ = {isa = PBXFileReference; lastKnownFileType = sourcecode.swift; path = DatabaseManager.swift; sourceTree = "<group>"; };
		029F0459287BE49700183946 /* NetworkManager.swift */ = {isa = PBXFileReference; lastKnownFileType = sourcecode.swift; path = NetworkManager.swift; sourceTree = "<group>"; };
		029F045B287BE5A700183946 /* Registration.swift */ = {isa = PBXFileReference; lastKnownFileType = sourcecode.swift; path = Registration.swift; sourceTree = "<group>"; };
		029F045D287BFA3C00183946 /* Login.swift */ = {isa = PBXFileReference; lastKnownFileType = sourcecode.swift; path = Login.swift; sourceTree = "<group>"; };
		029F045F287C146200183946 /* FindMentorViewController.swift */ = {isa = PBXFileReference; lastKnownFileType = sourcecode.swift; path = FindMentorViewController.swift; sourceTree = "<group>"; };
		029F0463287C1AC300183946 /* OverlayView.swift */ = {isa = PBXFileReference; lastKnownFileType = sourcecode.swift; path = OverlayView.swift; sourceTree = "<group>"; };
		029F0468287C1D7C00183946 /* OverlayView.xib */ = {isa = PBXFileReference; lastKnownFileType = file.xib; path = OverlayView.xib; sourceTree = "<group>"; };
		02C3C446287EA6CC00C64448 /* ButtonStackView.swift */ = {isa = PBXFileReference; lastKnownFileType = sourcecode.swift; path = ButtonStackView.swift; sourceTree = "<group>"; };
		02C3C448287EA71C00C64448 /* FindButton.swift */ = {isa = PBXFileReference; lastKnownFileType = sourcecode.swift; path = FindButton.swift; sourceTree = "<group>"; };
		02C3C44B287EA8CF00C64448 /* TinderCardOverlay.swift */ = {isa = PBXFileReference; fileEncoding = 4; lastKnownFileType = sourcecode.swift; name = TinderCardOverlay.swift; path = ../../../Shuffle/Example/Shuffle/TinderExample/TinderCard/TinderCardOverlay.swift; sourceTree = "<group>"; };
		02C3C44C287EA8CF00C64448 /* TinderCardFooterView.swift */ = {isa = PBXFileReference; fileEncoding = 4; lastKnownFileType = sourcecode.swift; name = TinderCardFooterView.swift; path = ../../../Shuffle/Example/Shuffle/TinderExample/TinderCard/TinderCardFooterView.swift; sourceTree = "<group>"; };
		02C3C44D287EA8CF00C64448 /* TinderCardModel.swift */ = {isa = PBXFileReference; fileEncoding = 4; lastKnownFileType = sourcecode.swift; name = TinderCardModel.swift; path = ../../../Shuffle/Example/Shuffle/TinderExample/TinderCard/TinderCardModel.swift; sourceTree = "<group>"; };
		02C3C44E287EA8CF00C64448 /* TinderCardContentView.swift */ = {isa = PBXFileReference; fileEncoding = 4; lastKnownFileType = sourcecode.swift; name = TinderCardContentView.swift; path = ../../../Shuffle/Example/Shuffle/TinderExample/TinderCard/TinderCardContentView.swift; sourceTree = "<group>"; };
		21760F65A0B4C637095DDD29 /* Pods_Mentoring.framework */ = {isa = PBXFileReference; explicitFileType = wrapper.framework; includeInIndex = 0; path = Pods_Mentoring.framework; sourceTree = BUILT_PRODUCTS_DIR; };
		39DDDD2F28796A6B009D742A /* LoginViewController.swift */ = {isa = PBXFileReference; lastKnownFileType = sourcecode.swift; path = LoginViewController.swift; sourceTree = "<group>"; };
		39DDDD312879C1B2009D742A /* ChatViewController.swift */ = {isa = PBXFileReference; lastKnownFileType = sourcecode.swift; path = ChatViewController.swift; sourceTree = "<group>"; };
		39DDDD36287B3974009D742A /* FriendsViewController.swift */ = {isa = PBXFileReference; lastKnownFileType = sourcecode.swift; path = FriendsViewController.swift; sourceTree = "<group>"; };
		87A194BE3E7D35AE1EE53D7A /* Pods-Mentoring.debug.xcconfig */ = {isa = PBXFileReference; includeInIndex = 1; lastKnownFileType = text.xcconfig; name = "Pods-Mentoring.debug.xcconfig"; path = "Target Support Files/Pods-Mentoring/Pods-Mentoring.debug.xcconfig"; sourceTree = "<group>"; };
		F17F297EC08458D66A5D6200 /* Pods-Mentoring.release.xcconfig */ = {isa = PBXFileReference; includeInIndex = 1; lastKnownFileType = text.xcconfig; name = "Pods-Mentoring.release.xcconfig"; path = "Target Support Files/Pods-Mentoring/Pods-Mentoring.release.xcconfig"; sourceTree = "<group>"; };
/* End PBXFileReference section */

/* Begin PBXFrameworksBuildPhase section */
		02040A1D287812A3008DCD52 /* Frameworks */ = {
			isa = PBXFrameworksBuildPhase;
			buildActionMask = 2147483647;
			files = (
				CF616147407F31EB67F3F198 /* Pods_Mentoring.framework in Frameworks */,
			);
			runOnlyForDeploymentPostprocessing = 0;
		};
/* End PBXFrameworksBuildPhase section */

/* Begin PBXGroup section */
		02040A17287812A3008DCD52 = {
			isa = PBXGroup;
			children = (
				02040A22287812A3008DCD52 /* Mentoring */,
				02040A21287812A3008DCD52 /* Products */,
				1E1601D832462DC1072FFD74 /* Pods */,
				FBC4CF5A00F4FED714B8E6A7 /* Frameworks */,
			);
			sourceTree = "<group>";
		};
		02040A21287812A3008DCD52 /* Products */ = {
			isa = PBXGroup;
			children = (
				02040A20287812A3008DCD52 /* Mentoring.app */,
			);
			name = Products;
			sourceTree = "<group>";
		};
		02040A22287812A3008DCD52 /* Mentoring */ = {
			isa = PBXGroup;
			children = (
				02C3C44A287EA8B200C64448 /* Cards */,
				02671383287D620400F4567B /* Cells */,
				02671380287D618F00F4567B /* Views */,
				029F0458287BE48000183946 /* NetworkManager */,
				029F0453287BD8C100183946 /* Models */,
				026704322878362E0013D499 /* Controllers */,
				02040A23287812A3008DCD52 /* AppDelegate.swift */,
				02040A25287812A3008DCD52 /* SceneDelegate.swift */,
				02040A29287812A3008DCD52 /* Main.storyboard */,
				02040A2F287812A4008DCD52 /* Assets.xcassets */,
				02040A31287812A4008DCD52 /* LaunchScreen.storyboard */,
				02040A34287812A4008DCD52 /* Info.plist */,
				02040A2C287812A3008DCD52 /* Mentoring.xcdatamodeld */,
				02670430287833290013D499 /* Utilities.swift */,
				029F0463287C1AC300183946 /* OverlayView.swift */,
				029F0468287C1D7C00183946 /* OverlayView.xib */,
			);
			path = Mentoring;
			sourceTree = "<group>";
		};
		026704322878362E0013D499 /* Controllers */ = {
			isa = PBXGroup;
			children = (
				02040A27287812A3008DCD52 /* ViewController.swift */,
				0267138E287DC7A100F4567B /* MainTabBarController.swift */,
				02670433287836EA0013D499 /* SignUpViewController.swift */,
				026704392878559F0013D499 /* FormViewController.swift */,
				39DDDD2F28796A6B009D742A /* LoginViewController.swift */,
				39DDDD312879C1B2009D742A /* ChatViewController.swift */,
				39DDDD36287B3974009D742A /* FriendsViewController.swift */,
				029F045F287C146200183946 /* FindMentorViewController.swift */,
				022CB1D9287C5C7000A8F879 /* ProfileViewController.swift */,
				02671388287D9FC500F4567B /* NewsViewController.swift */,
				0267138C287DB98600F4567B /* AddNewsViewController.swift */,
			);
			path = Controllers;
			sourceTree = "<group>";
		};
		02671380287D618F00F4567B /* Views */ = {
			isa = PBXGroup;
			children = (
				02671381287D61A000F4567B /* CardView.swift */,
				02671384287D62AD00F4567B /* TopNavigationStackView.swift */,
				02671386287D62D100F4567B /* HomeBottomControlStackView.swift */,
				02C3C446287EA6CC00C64448 /* ButtonStackView.swift */,
				02C3C448287EA71C00C64448 /* FindButton.swift */,
			);
			path = Views;
			sourceTree = "<group>";
		};
		02671383287D620400F4567B /* Cells */ = {
			isa = PBXGroup;
			children = (
				0267137C287D389A00F4567B /* TableViewCell.swift */,
				022CB1D7287C5C1700A8F879 /* CollectionViewCell.swift */,
				02255E90287F863300800BA2 /* RequestsTableViewCell.swift */,
				0267138A287DA72D00F4567B /* NewsTableViewCell.swift */,
			);
			path = Cells;
			sourceTree = "<group>";
		};
		029F0453287BD8C100183946 /* Models */ = {
			isa = PBXGroup;
			children = (
				02670437287842FC0013D499 /* Person.swift */,
				029F0454287BD8D900183946 /* Chat.swift */,
				029F045B287BE5A700183946 /* Registration.swift */,
				029F045D287BFA3C00183946 /* Login.swift */,
				0267137E287D397E00F4567B /* Education.swift */,
				02671390287DCAD000F4567B /* News.swift */,
				02255E8E287F6F4F00800BA2 /* Image.swift */,
			);
			path = Models;
			sourceTree = "<group>";
		};
		029F0458287BE48000183946 /* NetworkManager */ = {
			isa = PBXGroup;
			children = (
				029F0456287BDBEA00183946 /* DatabaseManager.swift */,
				029F0459287BE49700183946 /* NetworkManager.swift */,
				02255E8C287F471D00800BA2 /* ImageUploader.swift */,
			);
			path = NetworkManager;
			sourceTree = "<group>";
		};
		02C3C44A287EA8B200C64448 /* Cards */ = {
			isa = PBXGroup;
			children = (
				02C3C44E287EA8CF00C64448 /* TinderCardContentView.swift */,
				02C3C44C287EA8CF00C64448 /* TinderCardFooterView.swift */,
				02C3C44D287EA8CF00C64448 /* TinderCardModel.swift */,
				02C3C44B287EA8CF00C64448 /* TinderCardOverlay.swift */,
			);
			path = Cards;
			sourceTree = "<group>";
		};
		1E1601D832462DC1072FFD74 /* Pods */ = {
			isa = PBXGroup;
			children = (
				87A194BE3E7D35AE1EE53D7A /* Pods-Mentoring.debug.xcconfig */,
				F17F297EC08458D66A5D6200 /* Pods-Mentoring.release.xcconfig */,
			);
			path = Pods;
			sourceTree = "<group>";
		};
		FBC4CF5A00F4FED714B8E6A7 /* Frameworks */ = {
			isa = PBXGroup;
			children = (
				21760F65A0B4C637095DDD29 /* Pods_Mentoring.framework */,
			);
			name = Frameworks;
			sourceTree = "<group>";
		};
/* End PBXGroup section */

/* Begin PBXNativeTarget section */
		02040A1F287812A3008DCD52 /* Mentoring */ = {
			isa = PBXNativeTarget;
			buildConfigurationList = 02040A37287812A4008DCD52 /* Build configuration list for PBXNativeTarget "Mentoring" */;
			buildPhases = (
				8EFAF04B3D73806C86C65830 /* [CP] Check Pods Manifest.lock */,
				02040A1C287812A3008DCD52 /* Sources */,
				02040A1D287812A3008DCD52 /* Frameworks */,
				02040A1E287812A3008DCD52 /* Resources */,
				EEB72DA00E726F58195F6D1E /* [CP] Embed Pods Frameworks */,
			);
			buildRules = (
			);
			dependencies = (
			);
			name = Mentoring;
			packageProductDependencies = (
			);
			productName = Mentoring;
			productReference = 02040A20287812A3008DCD52 /* Mentoring.app */;
			productType = "com.apple.product-type.application";
		};
/* End PBXNativeTarget section */

/* Begin PBXProject section */
		02040A18287812A3008DCD52 /* Project object */ = {
			isa = PBXProject;
			attributes = {
				BuildIndependentTargetsInParallel = 1;
				LastSwiftUpdateCheck = 1330;
				LastUpgradeCheck = 1330;
				TargetAttributes = {
					02040A1F287812A3008DCD52 = {
						CreatedOnToolsVersion = 13.3.1;
					};
				};
			};
			buildConfigurationList = 02040A1B287812A3008DCD52 /* Build configuration list for PBXProject "Mentoring" */;
			compatibilityVersion = "Xcode 13.0";
			developmentRegion = en;
			hasScannedForEncodings = 0;
			knownRegions = (
				en,
				Base,
			);
			mainGroup = 02040A17287812A3008DCD52;
			packageReferences = (
			);
			productRefGroup = 02040A21287812A3008DCD52 /* Products */;
			projectDirPath = "";
			projectRoot = "";
			targets = (
				02040A1F287812A3008DCD52 /* Mentoring */,
			);
		};
/* End PBXProject section */

/* Begin PBXResourcesBuildPhase section */
		02040A1E287812A3008DCD52 /* Resources */ = {
			isa = PBXResourcesBuildPhase;
			buildActionMask = 2147483647;
			files = (
				02040A33287812A4008DCD52 /* LaunchScreen.storyboard in Resources */,
				029F0469287C1D7C00183946 /* OverlayView.xib in Resources */,
				02040A30287812A4008DCD52 /* Assets.xcassets in Resources */,
				02040A2B287812A3008DCD52 /* Main.storyboard in Resources */,
			);
			runOnlyForDeploymentPostprocessing = 0;
		};
/* End PBXResourcesBuildPhase section */

/* Begin PBXShellScriptBuildPhase section */
		8EFAF04B3D73806C86C65830 /* [CP] Check Pods Manifest.lock */ = {
			isa = PBXShellScriptBuildPhase;
			buildActionMask = 2147483647;
			files = (
			);
			inputFileListPaths = (
			);
			inputPaths = (
				"${PODS_PODFILE_DIR_PATH}/Podfile.lock",
				"${PODS_ROOT}/Manifest.lock",
			);
			name = "[CP] Check Pods Manifest.lock";
			outputFileListPaths = (
			);
			outputPaths = (
				"$(DERIVED_FILE_DIR)/Pods-Mentoring-checkManifestLockResult.txt",
			);
			runOnlyForDeploymentPostprocessing = 0;
			shellPath = /bin/sh;
			shellScript = "diff \"${PODS_PODFILE_DIR_PATH}/Podfile.lock\" \"${PODS_ROOT}/Manifest.lock\" > /dev/null\nif [ $? != 0 ] ; then\n    # print error to STDERR\n    echo \"error: The sandbox is not in sync with the Podfile.lock. Run 'pod install' or update your CocoaPods installation.\" >&2\n    exit 1\nfi\n# This output is used by Xcode 'outputs' to avoid re-running this script phase.\necho \"SUCCESS\" > \"${SCRIPT_OUTPUT_FILE_0}\"\n";
			showEnvVarsInLog = 0;
		};
		EEB72DA00E726F58195F6D1E /* [CP] Embed Pods Frameworks */ = {
			isa = PBXShellScriptBuildPhase;
			buildActionMask = 2147483647;
			files = (
			);
			inputFileListPaths = (
				"${PODS_ROOT}/Target Support Files/Pods-Mentoring/Pods-Mentoring-frameworks-${CONFIGURATION}-input-files.xcfilelist",
			);
			name = "[CP] Embed Pods Frameworks";
			outputFileListPaths = (
				"${PODS_ROOT}/Target Support Files/Pods-Mentoring/Pods-Mentoring-frameworks-${CONFIGURATION}-output-files.xcfilelist",
			);
			runOnlyForDeploymentPostprocessing = 0;
			shellPath = /bin/sh;
			shellScript = "\"${PODS_ROOT}/Target Support Files/Pods-Mentoring/Pods-Mentoring-frameworks.sh\"\n";
			showEnvVarsInLog = 0;
		};
/* End PBXShellScriptBuildPhase section */

/* Begin PBXSourcesBuildPhase section */
		02040A1C287812A3008DCD52 /* Sources */ = {
			isa = PBXSourcesBuildPhase;
			buildActionMask = 2147483647;
			files = (
				02C3C452287EA8CF00C64448 /* TinderCardContentView.swift in Sources */,
				0267138F287DC7A100F4567B /* MainTabBarController.swift in Sources */,
				02C3C450287EA8CF00C64448 /* TinderCardFooterView.swift in Sources */,
				029F0455287BD8D900183946 /* Chat.swift in Sources */,
				0267043A2878559F0013D499 /* FormViewController.swift in Sources */,
				0267137F287D397E00F4567B /* Education.swift in Sources */,
				02C3C451287EA8CF00C64448 /* TinderCardModel.swift in Sources */,
				02671385287D62AD00F4567B /* TopNavigationStackView.swift in Sources */,
				022CB1DA287C5C7000A8F879 /* ProfileViewController.swift in Sources */,
				39DDDD322879C1B2009D742A /* ChatViewController.swift in Sources */,
				02670434287836EA0013D499 /* SignUpViewController.swift in Sources */,
				02C3C449287EA71C00C64448 /* FindButton.swift in Sources */,
				39DDDD37287B3974009D742A /* FriendsViewController.swift in Sources */,
				02255E91287F863300800BA2 /* RequestsTableViewCell.swift in Sources */,
				02255E8F287F6F4F00800BA2 /* Image.swift in Sources */,
				0267138B287DA72D00F4567B /* NewsTableViewCell.swift in Sources */,
				029F0457287BDBEA00183946 /* DatabaseManager.swift in Sources */,
				02040A28287812A3008DCD52 /* ViewController.swift in Sources */,
				029F0460287C146200183946 /* FindMentorViewController.swift in Sources */,
				02040A2E287812A3008DCD52 /* Mentoring.xcdatamodeld in Sources */,
				029F0464287C1AC300183946 /* OverlayView.swift in Sources */,
				022CB1D8287C5C1700A8F879 /* CollectionViewCell.swift in Sources */,
				02C3C447287EA6CC00C64448 /* ButtonStackView.swift in Sources */,
				0267137D287D389A00F4567B /* TableViewCell.swift in Sources */,
				02040A24287812A3008DCD52 /* AppDelegate.swift in Sources */,
				02671391287DCAD000F4567B /* News.swift in Sources */,
				02670431287833290013D499 /* Utilities.swift in Sources */,
				02671387287D62D100F4567B /* HomeBottomControlStackView.swift in Sources */,
				0267138D287DB98600F4567B /* AddNewsViewController.swift in Sources */,
				029F045A287BE49700183946 /* NetworkManager.swift in Sources */,
				02C3C44F287EA8CF00C64448 /* TinderCardOverlay.swift in Sources */,
				02671389287D9FC500F4567B /* NewsViewController.swift in Sources */,
				02670438287842FC0013D499 /* Person.swift in Sources */,
				02671382287D61A000F4567B /* CardView.swift in Sources */,
				39DDDD3028796A6B009D742A /* LoginViewController.swift in Sources */,
				029F045C287BE5A700183946 /* Registration.swift in Sources */,
				02255E8D287F471D00800BA2 /* ImageUploader.swift in Sources */,
				02040A26287812A3008DCD52 /* SceneDelegate.swift in Sources */,
				029F045E287BFA3C00183946 /* Login.swift in Sources */,
			);
			runOnlyForDeploymentPostprocessing = 0;
		};
/* End PBXSourcesBuildPhase section */

/* Begin PBXVariantGroup section */
		02040A29287812A3008DCD52 /* Main.storyboard */ = {
			isa = PBXVariantGroup;
			children = (
				02040A2A287812A3008DCD52 /* Base */,
			);
			name = Main.storyboard;
			sourceTree = "<group>";
		};
		02040A31287812A4008DCD52 /* LaunchScreen.storyboard */ = {
			isa = PBXVariantGroup;
			children = (
				02040A32287812A4008DCD52 /* Base */,
			);
			name = LaunchScreen.storyboard;
			sourceTree = "<group>";
		};
/* End PBXVariantGroup section */

/* Begin XCBuildConfiguration section */
		02040A35287812A4008DCD52 /* Debug */ = {
			isa = XCBuildConfiguration;
			buildSettings = {
				ALWAYS_SEARCH_USER_PATHS = NO;
				CLANG_ANALYZER_NONNULL = YES;
				CLANG_ANALYZER_NUMBER_OBJECT_CONVERSION = YES_AGGRESSIVE;
				CLANG_CXX_LANGUAGE_STANDARD = "gnu++17";
				CLANG_ENABLE_MODULES = YES;
				CLANG_ENABLE_OBJC_ARC = YES;
				CLANG_ENABLE_OBJC_WEAK = YES;
				CLANG_WARN_BLOCK_CAPTURE_AUTORELEASING = YES;
				CLANG_WARN_BOOL_CONVERSION = YES;
				CLANG_WARN_COMMA = YES;
				CLANG_WARN_CONSTANT_CONVERSION = YES;
				CLANG_WARN_DEPRECATED_OBJC_IMPLEMENTATIONS = YES;
				CLANG_WARN_DIRECT_OBJC_ISA_USAGE = YES_ERROR;
				CLANG_WARN_DOCUMENTATION_COMMENTS = YES;
				CLANG_WARN_EMPTY_BODY = YES;
				CLANG_WARN_ENUM_CONVERSION = YES;
				CLANG_WARN_INFINITE_RECURSION = YES;
				CLANG_WARN_INT_CONVERSION = YES;
				CLANG_WARN_NON_LITERAL_NULL_CONVERSION = YES;
				CLANG_WARN_OBJC_IMPLICIT_RETAIN_SELF = YES;
				CLANG_WARN_OBJC_LITERAL_CONVERSION = YES;
				CLANG_WARN_OBJC_ROOT_CLASS = YES_ERROR;
				CLANG_WARN_QUOTED_INCLUDE_IN_FRAMEWORK_HEADER = YES;
				CLANG_WARN_RANGE_LOOP_ANALYSIS = YES;
				CLANG_WARN_STRICT_PROTOTYPES = YES;
				CLANG_WARN_SUSPICIOUS_MOVE = YES;
				CLANG_WARN_UNGUARDED_AVAILABILITY = YES_AGGRESSIVE;
				CLANG_WARN_UNREACHABLE_CODE = YES;
				CLANG_WARN__DUPLICATE_METHOD_MATCH = YES;
				COPY_PHASE_STRIP = NO;
				DEBUG_INFORMATION_FORMAT = dwarf;
				ENABLE_STRICT_OBJC_MSGSEND = YES;
				ENABLE_TESTABILITY = YES;
				GCC_C_LANGUAGE_STANDARD = gnu11;
				GCC_DYNAMIC_NO_PIC = NO;
				GCC_NO_COMMON_BLOCKS = YES;
				GCC_OPTIMIZATION_LEVEL = 0;
				GCC_PREPROCESSOR_DEFINITIONS = (
					"DEBUG=1",
					"$(inherited)",
				);
				GCC_WARN_64_TO_32_BIT_CONVERSION = YES;
				GCC_WARN_ABOUT_RETURN_TYPE = YES_ERROR;
				GCC_WARN_UNDECLARED_SELECTOR = YES;
				GCC_WARN_UNINITIALIZED_AUTOS = YES_AGGRESSIVE;
				GCC_WARN_UNUSED_FUNCTION = YES;
				GCC_WARN_UNUSED_VARIABLE = YES;
				IPHONEOS_DEPLOYMENT_TARGET = 15.4;
				MTL_ENABLE_DEBUG_INFO = INCLUDE_SOURCE;
				MTL_FAST_MATH = YES;
				ONLY_ACTIVE_ARCH = YES;
				SDKROOT = iphoneos;
				SWIFT_ACTIVE_COMPILATION_CONDITIONS = DEBUG;
				SWIFT_OPTIMIZATION_LEVEL = "-Onone";
			};
			name = Debug;
		};
		02040A36287812A4008DCD52 /* Release */ = {
			isa = XCBuildConfiguration;
			buildSettings = {
				ALWAYS_SEARCH_USER_PATHS = NO;
				CLANG_ANALYZER_NONNULL = YES;
				CLANG_ANALYZER_NUMBER_OBJECT_CONVERSION = YES_AGGRESSIVE;
				CLANG_CXX_LANGUAGE_STANDARD = "gnu++17";
				CLANG_ENABLE_MODULES = YES;
				CLANG_ENABLE_OBJC_ARC = YES;
				CLANG_ENABLE_OBJC_WEAK = YES;
				CLANG_WARN_BLOCK_CAPTURE_AUTORELEASING = YES;
				CLANG_WARN_BOOL_CONVERSION = YES;
				CLANG_WARN_COMMA = YES;
				CLANG_WARN_CONSTANT_CONVERSION = YES;
				CLANG_WARN_DEPRECATED_OBJC_IMPLEMENTATIONS = YES;
				CLANG_WARN_DIRECT_OBJC_ISA_USAGE = YES_ERROR;
				CLANG_WARN_DOCUMENTATION_COMMENTS = YES;
				CLANG_WARN_EMPTY_BODY = YES;
				CLANG_WARN_ENUM_CONVERSION = YES;
				CLANG_WARN_INFINITE_RECURSION = YES;
				CLANG_WARN_INT_CONVERSION = YES;
				CLANG_WARN_NON_LITERAL_NULL_CONVERSION = YES;
				CLANG_WARN_OBJC_IMPLICIT_RETAIN_SELF = YES;
				CLANG_WARN_OBJC_LITERAL_CONVERSION = YES;
				CLANG_WARN_OBJC_ROOT_CLASS = YES_ERROR;
				CLANG_WARN_QUOTED_INCLUDE_IN_FRAMEWORK_HEADER = YES;
				CLANG_WARN_RANGE_LOOP_ANALYSIS = YES;
				CLANG_WARN_STRICT_PROTOTYPES = YES;
				CLANG_WARN_SUSPICIOUS_MOVE = YES;
				CLANG_WARN_UNGUARDED_AVAILABILITY = YES_AGGRESSIVE;
				CLANG_WARN_UNREACHABLE_CODE = YES;
				CLANG_WARN__DUPLICATE_METHOD_MATCH = YES;
				COPY_PHASE_STRIP = NO;
				DEBUG_INFORMATION_FORMAT = "dwarf-with-dsym";
				ENABLE_NS_ASSERTIONS = NO;
				ENABLE_STRICT_OBJC_MSGSEND = YES;
				GCC_C_LANGUAGE_STANDARD = gnu11;
				GCC_NO_COMMON_BLOCKS = YES;
				GCC_WARN_64_TO_32_BIT_CONVERSION = YES;
				GCC_WARN_ABOUT_RETURN_TYPE = YES_ERROR;
				GCC_WARN_UNDECLARED_SELECTOR = YES;
				GCC_WARN_UNINITIALIZED_AUTOS = YES_AGGRESSIVE;
				GCC_WARN_UNUSED_FUNCTION = YES;
				GCC_WARN_UNUSED_VARIABLE = YES;
				IPHONEOS_DEPLOYMENT_TARGET = 15.4;
				MTL_ENABLE_DEBUG_INFO = NO;
				MTL_FAST_MATH = YES;
				ONLY_ACTIVE_ARCH = YES;
				SDKROOT = iphoneos;
				SWIFT_COMPILATION_MODE = wholemodule;
				SWIFT_OPTIMIZATION_LEVEL = "-O";
				VALIDATE_PRODUCT = YES;
			};
			name = Release;
		};
		02040A38287812A4008DCD52 /* Debug */ = {
			isa = XCBuildConfiguration;
			baseConfigurationReference = 87A194BE3E7D35AE1EE53D7A /* Pods-Mentoring.debug.xcconfig */;
			buildSettings = {
				ASSETCATALOG_COMPILER_APPICON_NAME = AppIcon;
				ASSETCATALOG_COMPILER_GLOBAL_ACCENT_COLOR_NAME = AccentColor;
				CODE_SIGN_STYLE = Automatic;
				CURRENT_PROJECT_VERSION = 1;
				DEVELOPMENT_TEAM = PY25Q9RB98;
				GENERATE_INFOPLIST_FILE = YES;
				INFOPLIST_FILE = Mentoring/Info.plist;
				INFOPLIST_KEY_UIApplicationSupportsIndirectInputEvents = YES;
				INFOPLIST_KEY_UILaunchStoryboardName = LaunchScreen;
				INFOPLIST_KEY_UIMainStoryboardFile = Main;
				INFOPLIST_KEY_UISupportedInterfaceOrientations_iPad = "UIInterfaceOrientationPortrait UIInterfaceOrientationPortraitUpsideDown UIInterfaceOrientationLandscapeLeft UIInterfaceOrientationLandscapeRight";
				INFOPLIST_KEY_UISupportedInterfaceOrientations_iPhone = "UIInterfaceOrientationPortrait UIInterfaceOrientationLandscapeLeft UIInterfaceOrientationLandscapeRight";
				LD_RUNPATH_SEARCH_PATHS = (
					"$(inherited)",
					"@executable_path/Frameworks",
				);
				MARKETING_VERSION = 1.0;
				PRODUCT_BUNDLE_IDENTIFIER = jusan.Mentoring;
				PRODUCT_NAME = "$(TARGET_NAME)";
				SWIFT_EMIT_LOC_STRINGS = YES;
				SWIFT_VERSION = 5.0;
				TARGETED_DEVICE_FAMILY = "1,2";
			};
			name = Debug;
		};
		02040A39287812A4008DCD52 /* Release */ = {
			isa = XCBuildConfiguration;
			baseConfigurationReference = F17F297EC08458D66A5D6200 /* Pods-Mentoring.release.xcconfig */;
			buildSettings = {
				ASSETCATALOG_COMPILER_APPICON_NAME = AppIcon;
				ASSETCATALOG_COMPILER_GLOBAL_ACCENT_COLOR_NAME = AccentColor;
				CODE_SIGN_STYLE = Automatic;
				CURRENT_PROJECT_VERSION = 1;
				DEVELOPMENT_TEAM = PY25Q9RB98;
				GENERATE_INFOPLIST_FILE = YES;
				INFOPLIST_FILE = Mentoring/Info.plist;
				INFOPLIST_KEY_UIApplicationSupportsIndirectInputEvents = YES;
				INFOPLIST_KEY_UILaunchStoryboardName = LaunchScreen;
				INFOPLIST_KEY_UIMainStoryboardFile = Main;
				INFOPLIST_KEY_UISupportedInterfaceOrientations_iPad = "UIInterfaceOrientationPortrait UIInterfaceOrientationPortraitUpsideDown UIInterfaceOrientationLandscapeLeft UIInterfaceOrientationLandscapeRight";
				INFOPLIST_KEY_UISupportedInterfaceOrientations_iPhone = "UIInterfaceOrientationPortrait UIInterfaceOrientationLandscapeLeft UIInterfaceOrientationLandscapeRight";
				LD_RUNPATH_SEARCH_PATHS = (
					"$(inherited)",
					"@executable_path/Frameworks",
				);
				MARKETING_VERSION = 1.0;
				PRODUCT_BUNDLE_IDENTIFIER = jusan.Mentoring;
				PRODUCT_NAME = "$(TARGET_NAME)";
				SWIFT_EMIT_LOC_STRINGS = YES;
				SWIFT_VERSION = 5.0;
				TARGETED_DEVICE_FAMILY = "1,2";
			};
			name = Release;
		};
/* End XCBuildConfiguration section */

/* Begin XCConfigurationList section */
		02040A1B287812A3008DCD52 /* Build configuration list for PBXProject "Mentoring" */ = {
			isa = XCConfigurationList;
			buildConfigurations = (
				02040A35287812A4008DCD52 /* Debug */,
				02040A36287812A4008DCD52 /* Release */,
			);
			defaultConfigurationIsVisible = 0;
			defaultConfigurationName = Release;
		};
		02040A37287812A4008DCD52 /* Build configuration list for PBXNativeTarget "Mentoring" */ = {
			isa = XCConfigurationList;
			buildConfigurations = (
				02040A38287812A4008DCD52 /* Debug */,
				02040A39287812A4008DCD52 /* Release */,
			);
			defaultConfigurationIsVisible = 0;
			defaultConfigurationName = Release;
		};
/* End XCConfigurationList section */

/* Begin XCVersionGroup section */
		02040A2C287812A3008DCD52 /* Mentoring.xcdatamodeld */ = {
			isa = XCVersionGroup;
			children = (
				02040A2D287812A3008DCD52 /* Mentoring.xcdatamodel */,
			);
			currentVersion = 02040A2D287812A3008DCD52 /* Mentoring.xcdatamodel */;
			path = Mentoring.xcdatamodeld;
			sourceTree = "<group>";
			versionGroupType = wrapper.xcdatamodel;
		};
/* End XCVersionGroup section */
	};
	rootObject = 02040A18287812A3008DCD52 /* Project object */;
}
